
Microsoft Visual Studio Solution File, Format Version 12.00
# Visual Studio Version 17
VisualStudioVersion = 17.0.32002.185
MinimumVisualStudioVersion = 10.0.40219.1
Project("{FAE04EC0-301F-11D3-BF4B-00C04F79EFBC}") = "ProjetoRecode", "ProjetoRecode.csproj", "{343864D0-D2EA-4139-8B74-1E64060BE890}"
EndProject
Global
	GlobalSection(SolutionConfigurationPlatforms) = preSolution
		Debug|Any CPU = Debug|Any CPU
		Release|Any CPU = Release|Any CPU
	EndGlobalSection
	GlobalSection(ProjectConfigurationPlatforms) = postSolution
		{343864D0-D2EA-4139-8B74-1E64060BE890}.Debug|Any CPU.ActiveCfg = Debug|Any CPU
		{343864D0-D2EA-4139-8B74-1E64060BE890}.Debug|Any CPU.Build.0 = Debug|Any CPU
		{343864D0-D2EA-4139-8B74-1E64060BE890}.Release|Any CPU.ActiveCfg = Release|Any CPU
		{343864D0-D2EA-4139-8B74-1E64060BE890}.Release|Any CPU.Build.0 = Release|Any CPU
	EndGlobalSection
	GlobalSection(SolutionProperties) = preSolution
		HideSolutionNode = FALSE
	EndGlobalSection
	GlobalSection(ExtensibilityGlobals) = postSolution
		SolutionGuid = {0F19C66B-53FE-454A-9F08-3A908D0F6448}
	EndGlobalSection
EndGlobal
